
Microsoft Visual Studio Solution File, Format Version 12.00
# Visual Studio Version 17
VisualStudioVersion = 17.7.34221.43
MinimumVisualStudioVersion = 10.0.40219.1
Project("{FAE04EC0-301F-11D3-BF4B-00C04F79EFBC}") = "Member_Registration", "Member_Registration.csproj", "{C2D20180-C991-45EC-B328-A867CA370649}"
EndProject
Global
	GlobalSection(SolutionConfigurationPlatforms) = preSolution
		Debug|Any CPU = Debug|Any CPU
		Release|Any CPU = Release|Any CPU
	EndGlobalSection
	GlobalSection(ProjectConfigurationPlatforms) = postSolution
		{C2D20180-C991-45EC-B328-A867CA370649}.Debug|Any CPU.ActiveCfg = Debug|Any CPU
		{C2D20180-C991-45EC-B328-A867CA370649}.Debug|Any CPU.Build.0 = Debug|Any CPU
		{C2D20180-C991-45EC-B328-A867CA370649}.Release|Any CPU.ActiveCfg = Release|Any CPU
		{C2D20180-C991-45EC-B328-A867CA370649}.Release|Any CPU.Build.0 = Release|Any CPU
	EndGlobalSection
	GlobalSection(SolutionProperties) = preSolution
		HideSolutionNode = FALSE
	EndGlobalSection
	GlobalSection(ExtensibilityGlobals) = postSolution
		SolutionGuid = {37D0A912-91DA-4E98-95CA-B2526084B602}
	EndGlobalSection
EndGlobal
